
Microsoft Visual Studio Solution File, Format Version 12.00
# Visual Studio Version 16
VisualStudioVersion = 16.0.30907.101
MinimumVisualStudioVersion = 10.0.40219.1
Project("{9A19103F-16F7-4668-BE54-9A1E7A4F7556}") = "BTdbManagement", "BTdbManagement\BTdbManagement.csproj", "{6AFC8FBA-1406-41FA-9F5F-2030CDCD044A}"
EndProject
Global
	GlobalSection(SolutionConfigurationPlatforms) = preSolution
		Debug|Any CPU = Debug|Any CPU
		Release|Any CPU = Release|Any CPU
	EndGlobalSection
	GlobalSection(ProjectConfigurationPlatforms) = postSolution
		{6AFC8FBA-1406-41FA-9F5F-2030CDCD044A}.Debug|Any CPU.ActiveCfg = Debug|Any CPU
		{6AFC8FBA-1406-41FA-9F5F-2030CDCD044A}.Debug|Any CPU.Build.0 = Debug|Any CPU
		{6AFC8FBA-1406-41FA-9F5F-2030CDCD044A}.Release|Any CPU.ActiveCfg = Release|Any CPU
		{6AFC8FBA-1406-41FA-9F5F-2030CDCD044A}.Release|Any CPU.Build.0 = Release|Any CPU
	EndGlobalSection
	GlobalSection(SolutionProperties) = preSolution
		HideSolutionNode = FALSE
	EndGlobalSection
	GlobalSection(ExtensibilityGlobals) = postSolution
		SolutionGuid = {7A59E226-4F48-43E9-8F21-5D55DF1D6C7A}
	EndGlobalSection
EndGlobal
